
Microsoft Visual Studio Solution File, Format Version 12.00
# Visual Studio 15
VisualStudioVersion = 15.0.28307.645
MinimumVisualStudioVersion = 10.0.40219.1
Project("{FAE04EC0-301F-11D3-BF4B-00C04F79EFBC}") = "WindowsFormsApp1", "WindowsFormsApp1\WindowsFormsApp1.csproj", "{4CC83E05-6B90-47D3-9F41-AF1F2C1CAEA2}"
EndProject
Global
	GlobalSection(SolutionConfigurationPlatforms) = preSolution
		Debug|Any CPU = Debug|Any CPU
		Release|Any CPU = Release|Any CPU
	EndGlobalSection
	GlobalSection(ProjectConfigurationPlatforms) = postSolution
		{4CC83E05-6B90-47D3-9F41-AF1F2C1CAEA2}.Debug|Any CPU.ActiveCfg = Debug|Any CPU
		{4CC83E05-6B90-47D3-9F41-AF1F2C1CAEA2}.Debug|Any CPU.Build.0 = Debug|Any CPU
		{4CC83E05-6B90-47D3-9F41-AF1F2C1CAEA2}.Release|Any CPU.ActiveCfg = Release|Any CPU
		{4CC83E05-6B90-47D3-9F41-AF1F2C1CAEA2}.Release|Any CPU.Build.0 = Release|Any CPU
	EndGlobalSection
	GlobalSection(SolutionProperties) = preSolution
		HideSolutionNode = FALSE
	EndGlobalSection
	GlobalSection(ExtensibilityGlobals) = postSolution
		SolutionGuid = {A93CEB04-E8AF-4212-9197-AD0BAB5A3D97}
	EndGlobalSection
EndGlobal
